
Microsoft Visual Studio Solution File, Format Version 12.00
# Visual Studio Version 17
VisualStudioVersion = 17.13.35828.75 d17.13
MinimumVisualStudioVersion = 10.0.40219.1
Project("{FAE04EC0-301F-11D3-BF4B-00C04F79EFBC}") = "YJ_TRPG", "YJ_TRPG\YJ_TRPG.csproj", "{5D52D668-2237-4811-97AC-AA3C865514E5}"
EndProject
Global
	GlobalSection(SolutionConfigurationPlatforms) = preSolution
		Debug|Any CPU = Debug|Any CPU
		Release|Any CPU = Release|Any CPU
	EndGlobalSection
	GlobalSection(ProjectConfigurationPlatforms) = postSolution
		{5D52D668-2237-4811-97AC-AA3C865514E5}.Debug|Any CPU.ActiveCfg = Debug|Any CPU
		{5D52D668-2237-4811-97AC-AA3C865514E5}.Debug|Any CPU.Build.0 = Debug|Any CPU
		{5D52D668-2237-4811-97AC-AA3C865514E5}.Release|Any CPU.ActiveCfg = Release|Any CPU
		{5D52D668-2237-4811-97AC-AA3C865514E5}.Release|Any CPU.Build.0 = Release|Any CPU
	EndGlobalSection
	GlobalSection(SolutionProperties) = preSolution
		HideSolutionNode = FALSE
	EndGlobalSection
	GlobalSection(ExtensibilityGlobals) = postSolution
		SolutionGuid = {57226F8D-6823-4633-B4CE-D4C83D8E61A6}
	EndGlobalSection
EndGlobal
